
Microsoft Visual Studio Solution File, Format Version 12.00
# Visual Studio 15
VisualStudioVersion = 15.0.28307.271
MinimumVisualStudioVersion = 10.0.40219.1
Project("{8BC9CEB8-8B4A-11D0-8D11-00A0C91BC942}") = "Lotto", "Array\Array.vcxproj", "{583C117B-F327-4F57-8C50-AC9E3CDEDB03}"
EndProject
Project("{8BC9CEB8-8B4A-11D0-8D11-00A0C91BC942}") = "Taschenrechner", "Taschenrechner\Taschenrechner.vcxproj", "{DBD112A2-E9C7-407C-8E18-CFE3C2278B16}"
EndProject
Project("{8BC9CEB8-8B4A-11D0-8D11-00A0C91BC942}") = "TaschenRechner2", "TaschenRechner2\TaschenRechner2.vcxproj", "{DD99A577-A63B-435A-B6C0-96ED4C7C2AE2}"
EndProject
Project("{8BC9CEB8-8B4A-11D0-8D11-00A0C91BC942}") = "Lotto13", "Lotto13\Lotto13.vcxproj", "{BF1C3000-AA0E-4BD1-90DD-7CFBF6C8457F}"
EndProject
Project("{8BC9CEB8-8B4A-11D0-8D11-00A0C91BC942}") = "DateiLesenSchreiben", "DateiLesenSchreiben\DateiLesenSchreiben.vcxproj", "{9452859A-7085-4605-949B-2BBBC08EB6E3}"
EndProject
Project("{8BC9CEB8-8B4A-11D0-8D11-00A0C91BC942}") = "Aufgabe8", "Aufgabe8\Aufgabe8.vcxproj", "{C06087C1-7F98-4986-9A2A-F95CB41AF412}"
EndProject
Project("{8BC9CEB8-8B4A-11D0-8D11-00A0C91BC942}") = "testPrj", "testPrj\testPrj.vcxproj", "{4426A2B8-FE42-4C52-B0D8-6F0BCEEDF616}"
EndProject
Project("{8BC9CEB8-8B4A-11D0-8D11-00A0C91BC942}") = "Vererbung", "Vererbung\Vererbung.vcxproj", "{E56507CE-CED0-45EA-9E9A-8CB39E286AD4}"
EndProject
Project("{8BC9CEB8-8B4A-11D0-8D11-00A0C91BC942}") = "LottoOO", "LottoOO\LottoOO.vcxproj", "{47EEE501-D138-4B73-B307-87E1A38C2A34}"
EndProject
Project("{8BC9CEB8-8B4A-11D0-8D11-00A0C91BC942}") = "WochentagBerechnenNachZeller", "Zeller\Zeller.vcxproj", "{CBC3E2DF-5276-4BCF-A3E7-022A32271A47}"
EndProject
Project("{8BC9CEB8-8B4A-11D0-8D11-00A0C91BC942}") = "SQlite3Shell", "SQlite3Shell\SQlite3Shell.vcxproj", "{F1A4B4B9-3832-4F2F-813D-837DB9C81398}"
EndProject
Project("{8BC9CEB8-8B4A-11D0-8D11-00A0C91BC942}") = "DBLesen", "DBLesen\DBLesen.vcxproj", "{A15BB460-FEA7-446D-BB40-4A602219804A}"
EndProject
Project("{8BC9CEB8-8B4A-11D0-8D11-00A0C91BC942}") = "TaschenrechnerOO", "TaschenrechnerOO\TaschenrechnerOO.vcxproj", "{F9223685-B71C-461D-8CE1-7D81845D1F54}"
EndProject
Project("{8BC9CEB8-8B4A-11D0-8D11-00A0C91BC942}") = "KlassenÜbung", "KlassenÜbung\KlassenÜbung.vcxproj", "{6448B063-FFCA-452F-A4BC-2CA54C7B24DA}"
EndProject
Project("{8BC9CEB8-8B4A-11D0-8D11-00A0C91BC942}") = "Task_8_2", "Task_8_2\Task_8_2.vcxproj", "{64AF7B59-D9D9-455A-BA12-A333DC0E3983}"
EndProject
Project("{8BC9CEB8-8B4A-11D0-8D11-00A0C91BC942}") = "Task_11_2", "Task_11_2\Task_11_2.vcxproj", "{7C3ED98A-2DB9-4EBC-833D-87A5D2E14C86}"
EndProject
Project("{8BC9CEB8-8B4A-11D0-8D11-00A0C91BC942}") = "Task_13_02", "Task_13_02\Task_13_02.vcxproj", "{F429BB3D-7BFA-478A-87D1-1CC6EC2BD1C2}"
EndProject
Project("{8BC9CEB8-8B4A-11D0-8D11-00A0C91BC942}") = "Task_14_2", "Task_14_2\Task_14_2.vcxproj", "{3FA20A06-C899-401A-9362-6D1B5182F9A4}"
EndProject
Project("{8BC9CEB8-8B4A-11D0-8D11-00A0C91BC942}") = "Task_15_2", "Task_15_2\Task_15_2.vcxproj", "{FEBB611A-7895-4126-AA9A-49E753AF1DD7}"
EndProject
Project("{8BC9CEB8-8B4A-11D0-8D11-00A0C91BC942}") = "Task_18_2", "Task_18_2\Task_18_2.vcxproj", "{FE028BDF-1C84-4B45-98A4-A7F89A9CAC7D}"
EndProject
Global
	GlobalSection(SolutionConfigurationPlatforms) = preSolution
		Debug|Any CPU = Debug|Any CPU
		Debug|ARM = Debug|ARM
		Debug|ARM64 = Debug|ARM64
		Debug|x64 = Debug|x64
		Debug|x86 = Debug|x86
		Release|Any CPU = Release|Any CPU
		Release|ARM = Release|ARM
		Release|ARM64 = Release|ARM64
		Release|x64 = Release|x64
		Release|x86 = Release|x86
	EndGlobalSection
	GlobalSection(ProjectConfigurationPlatforms) = postSolution
		{583C117B-F327-4F57-8C50-AC9E3CDEDB03}.Debug|Any CPU.ActiveCfg = Debug|Win32
		{583C117B-F327-4F57-8C50-AC9E3CDEDB03}.Debug|ARM.ActiveCfg = Debug|Win32
		{583C117B-F327-4F57-8C50-AC9E3CDEDB03}.Debug|ARM64.ActiveCfg = Debug|Win32
		{583C117B-F327-4F57-8C50-AC9E3CDEDB03}.Debug|x64.ActiveCfg = Debug|x64
		{583C117B-F327-4F57-8C50-AC9E3CDEDB03}.Debug|x64.Build.0 = Debug|x64
		{583C117B-F327-4F57-8C50-AC9E3CDEDB03}.Debug|x86.ActiveCfg = Debug|Win32
		{583C117B-F327-4F57-8C50-AC9E3CDEDB03}.Debug|x86.Build.0 = Debug|Win32
		{583C117B-F327-4F57-8C50-AC9E3CDEDB03}.Release|Any CPU.ActiveCfg = Release|Win32
		{583C117B-F327-4F57-8C50-AC9E3CDEDB03}.Release|ARM.ActiveCfg = Release|Win32
		{583C117B-F327-4F57-8C50-AC9E3CDEDB03}.Release|ARM64.ActiveCfg = Release|Win32
		{583C117B-F327-4F57-8C50-AC9E3CDEDB03}.Release|x64.ActiveCfg = Release|x64
		{583C117B-F327-4F57-8C50-AC9E3CDEDB03}.Release|x64.Build.0 = Release|x64
		{583C117B-F327-4F57-8C50-AC9E3CDEDB03}.Release|x86.ActiveCfg = Release|Win32
		{583C117B-F327-4F57-8C50-AC9E3CDEDB03}.Release|x86.Build.0 = Release|Win32
		{DBD112A2-E9C7-407C-8E18-CFE3C2278B16}.Debug|Any CPU.ActiveCfg = Debug|Win32
		{DBD112A2-E9C7-407C-8E18-CFE3C2278B16}.Debug|ARM.ActiveCfg = Debug|Win32
		{DBD112A2-E9C7-407C-8E18-CFE3C2278B16}.Debug|ARM64.ActiveCfg = Debug|Win32
		{DBD112A2-E9C7-407C-8E18-CFE3C2278B16}.Debug|x64.ActiveCfg = Debug|x64
		{DBD112A2-E9C7-407C-8E18-CFE3C2278B16}.Debug|x64.Build.0 = Debug|x64
		{DBD112A2-E9C7-407C-8E18-CFE3C2278B16}.Debug|x86.ActiveCfg = Debug|Win32
		{DBD112A2-E9C7-407C-8E18-CFE3C2278B16}.Debug|x86.Build.0 = Debug|Win32
		{DBD112A2-E9C7-407C-8E18-CFE3C2278B16}.Release|Any CPU.ActiveCfg = Release|Win32
		{DBD112A2-E9C7-407C-8E18-CFE3C2278B16}.Release|ARM.ActiveCfg = Release|Win32
		{DBD112A2-E9C7-407C-8E18-CFE3C2278B16}.Release|ARM64.ActiveCfg = Release|Win32
		{DBD112A2-E9C7-407C-8E18-CFE3C2278B16}.Release|x64.ActiveCfg = Release|x64
		{DBD112A2-E9C7-407C-8E18-CFE3C2278B16}.Release|x64.Build.0 = Release|x64
		{DBD112A2-E9C7-407C-8E18-CFE3C2278B16}.Release|x86.ActiveCfg = Release|Win32
		{DBD112A2-E9C7-407C-8E18-CFE3C2278B16}.Release|x86.Build.0 = Release|Win32
		{DD99A577-A63B-435A-B6C0-96ED4C7C2AE2}.Debug|Any CPU.ActiveCfg = Debug|Win32
		{DD99A577-A63B-435A-B6C0-96ED4C7C2AE2}.Debug|ARM.ActiveCfg = Debug|Win32
		{DD99A577-A63B-435A-B6C0-96ED4C7C2AE2}.Debug|ARM64.ActiveCfg = Debug|Win32
		{DD99A577-A63B-435A-B6C0-96ED4C7C2AE2}.Debug|x64.ActiveCfg = Debug|x64
		{DD99A577-A63B-435A-B6C0-96ED4C7C2AE2}.Debug|x64.Build.0 = Debug|x64
		{DD99A577-A63B-435A-B6C0-96ED4C7C2AE2}.Debug|x86.ActiveCfg = Debug|Win32
		{DD99A577-A63B-435A-B6C0-96ED4C7C2AE2}.Debug|x86.Build.0 = Debug|Win32
		{DD99A577-A63B-435A-B6C0-96ED4C7C2AE2}.Release|Any CPU.ActiveCfg = Release|Win32
		{DD99A577-A63B-435A-B6C0-96ED4C7C2AE2}.Release|ARM.ActiveCfg = Release|Win32
		{DD99A577-A63B-435A-B6C0-96ED4C7C2AE2}.Release|ARM64.ActiveCfg = Release|Win32
		{DD99A577-A63B-435A-B6C0-96ED4C7C2AE2}.Release|x64.ActiveCfg = Release|x64
		{DD99A577-A63B-435A-B6C0-96ED4C7C2AE2}.Release|x64.Build.0 = Release|x64
		{DD99A577-A63B-435A-B6C0-96ED4C7C2AE2}.Release|x86.ActiveCfg = Release|Win32
		{DD99A577-A63B-435A-B6C0-96ED4C7C2AE2}.Release|x86.Build.0 = Release|Win32
		{BF1C3000-AA0E-4BD1-90DD-7CFBF6C8457F}.Debug|Any CPU.ActiveCfg = Debug|Win32
		{BF1C3000-AA0E-4BD1-90DD-7CFBF6C8457F}.Debug|ARM.ActiveCfg = Debug|Win32
		{BF1C3000-AA0E-4BD1-90DD-7CFBF6C8457F}.Debug|ARM64.ActiveCfg = Debug|Win32
		{BF1C3000-AA0E-4BD1-90DD-7CFBF6C8457F}.Debug|x64.ActiveCfg = Debug|x64
		{BF1C3000-AA0E-4BD1-90DD-7CFBF6C8457F}.Debug|x64.Build.0 = Debug|x64
		{BF1C3000-AA0E-4BD1-90DD-7CFBF6C8457F}.Debug|x86.ActiveCfg = Debug|Win32
		{BF1C3000-AA0E-4BD1-90DD-7CFBF6C8457F}.Debug|x86.Build.0 = Debug|Win32
		{BF1C3000-AA0E-4BD1-90DD-7CFBF6C8457F}.Release|Any CPU.ActiveCfg = Release|Win32
		{BF1C3000-AA0E-4BD1-90DD-7CFBF6C8457F}.Release|ARM.ActiveCfg = Release|Win32
		{BF1C3000-AA0E-4BD1-90DD-7CFBF6C8457F}.Release|ARM64.ActiveCfg = Release|Win32
		{BF1C3000-AA0E-4BD1-90DD-7CFBF6C8457F}.Release|x64.ActiveCfg = Release|x64
		{BF1C3000-AA0E-4BD1-90DD-7CFBF6C8457F}.Release|x64.Build.0 = Release|x64
		{BF1C3000-AA0E-4BD1-90DD-7CFBF6C8457F}.Release|x86.ActiveCfg = Release|Win32
		{BF1C3000-AA0E-4BD1-90DD-7CFBF6C8457F}.Release|x86.Build.0 = Release|Win32
		{9452859A-7085-4605-949B-2BBBC08EB6E3}.Debug|Any CPU.ActiveCfg = Debug|Win32
		{9452859A-7085-4605-949B-2BBBC08EB6E3}.Debug|ARM.ActiveCfg = Debug|Win32
		{9452859A-7085-4605-949B-2BBBC08EB6E3}.Debug|ARM64.ActiveCfg = Debug|Win32
		{9452859A-7085-4605-949B-2BBBC08EB6E3}.Debug|x64.ActiveCfg = Debug|x64
		{9452859A-7085-4605-949B-2BBBC08EB6E3}.Debug|x64.Build.0 = Debug|x64
		{9452859A-7085-4605-949B-2BBBC08EB6E3}.Debug|x86.ActiveCfg = Debug|Win32
		{9452859A-7085-4605-949B-2BBBC08EB6E3}.Debug|x86.Build.0 = Debug|Win32
		{9452859A-7085-4605-949B-2BBBC08EB6E3}.Release|Any CPU.ActiveCfg = Release|Win32
		{9452859A-7085-4605-949B-2BBBC08EB6E3}.Release|ARM.ActiveCfg = Release|Win32
		{9452859A-7085-4605-949B-2BBBC08EB6E3}.Release|ARM64.ActiveCfg = Release|Win32
		{9452859A-7085-4605-949B-2BBBC08EB6E3}.Release|x64.ActiveCfg = Release|x64
		{9452859A-7085-4605-949B-2BBBC08EB6E3}.Release|x64.Build.0 = Release|x64
		{9452859A-7085-4605-949B-2BBBC08EB6E3}.Release|x86.ActiveCfg = Release|Win32
		{9452859A-7085-4605-949B-2BBBC08EB6E3}.Release|x86.Build.0 = Release|Win32
		{C06087C1-7F98-4986-9A2A-F95CB41AF412}.Debug|Any CPU.ActiveCfg = Debug|Win32
		{C06087C1-7F98-4986-9A2A-F95CB41AF412}.Debug|ARM.ActiveCfg = Debug|Win32
		{C06087C1-7F98-4986-9A2A-F95CB41AF412}.Debug|ARM64.ActiveCfg = Debug|Win32
		{C06087C1-7F98-4986-9A2A-F95CB41AF412}.Debug|x64.ActiveCfg = Debug|x64
		{C06087C1-7F98-4986-9A2A-F95CB41AF412}.Debug|x64.Build.0 = Debug|x64
		{C06087C1-7F98-4986-9A2A-F95CB41AF412}.Debug|x86.ActiveCfg = Debug|Win32
		{C06087C1-7F98-4986-9A2A-F95CB41AF412}.Debug|x86.Build.0 = Debug|Win32
		{C06087C1-7F98-4986-9A2A-F95CB41AF412}.Release|Any CPU.ActiveCfg = Release|Win32
		{C06087C1-7F98-4986-9A2A-F95CB41AF412}.Release|ARM.ActiveCfg = Release|Win32
		{C06087C1-7F98-4986-9A2A-F95CB41AF412}.Release|ARM64.ActiveCfg = Release|Win32
		{C06087C1-7F98-4986-9A2A-F95CB41AF412}.Release|x64.ActiveCfg = Release|x64
		{C06087C1-7F98-4986-9A2A-F95CB41AF412}.Release|x64.Build.0 = Release|x64
		{C06087C1-7F98-4986-9A2A-F95CB41AF412}.Release|x86.ActiveCfg = Release|Win32
		{C06087C1-7F98-4986-9A2A-F95CB41AF412}.Release|x86.Build.0 = Release|Win32
		{4426A2B8-FE42-4C52-B0D8-6F0BCEEDF616}.Debug|Any CPU.ActiveCfg = Debug|Win32
		{4426A2B8-FE42-4C52-B0D8-6F0BCEEDF616}.Debug|ARM.ActiveCfg = Debug|Win32
		{4426A2B8-FE42-4C52-B0D8-6F0BCEEDF616}.Debug|ARM64.ActiveCfg = Debug|Win32
		{4426A2B8-FE42-4C52-B0D8-6F0BCEEDF616}.Debug|x64.ActiveCfg = Debug|x64
		{4426A2B8-FE42-4C52-B0D8-6F0BCEEDF616}.Debug|x64.Build.0 = Debug|x64
		{4426A2B8-FE42-4C52-B0D8-6F0BCEEDF616}.Debug|x86.ActiveCfg = Debug|Win32
		{4426A2B8-FE42-4C52-B0D8-6F0BCEEDF616}.Debug|x86.Build.0 = Debug|Win32
		{4426A2B8-FE42-4C52-B0D8-6F0BCEEDF616}.Release|Any CPU.ActiveCfg = Release|Win32
		{4426A2B8-FE42-4C52-B0D8-6F0BCEEDF616}.Release|ARM.ActiveCfg = Release|Win32
		{4426A2B8-FE42-4C52-B0D8-6F0BCEEDF616}.Release|ARM64.ActiveCfg = Release|Win32
		{4426A2B8-FE42-4C52-B0D8-6F0BCEEDF616}.Release|x64.ActiveCfg = Release|x64
		{4426A2B8-FE42-4C52-B0D8-6F0BCEEDF616}.Release|x64.Build.0 = Release|x64
		{4426A2B8-FE42-4C52-B0D8-6F0BCEEDF616}.Release|x86.ActiveCfg = Release|Win32
		{4426A2B8-FE42-4C52-B0D8-6F0BCEEDF616}.Release|x86.Build.0 = Release|Win32
		{E56507CE-CED0-45EA-9E9A-8CB39E286AD4}.Debug|Any CPU.ActiveCfg = Debug|Win32
		{E56507CE-CED0-45EA-9E9A-8CB39E286AD4}.Debug|ARM.ActiveCfg = Debug|Win32
		{E56507CE-CED0-45EA-9E9A-8CB39E286AD4}.Debug|ARM64.ActiveCfg = Debug|Win32
		{E56507CE-CED0-45EA-9E9A-8CB39E286AD4}.Debug|x64.ActiveCfg = Debug|x64
		{E56507CE-CED0-45EA-9E9A-8CB39E286AD4}.Debug|x64.Build.0 = Debug|x64
		{E56507CE-CED0-45EA-9E9A-8CB39E286AD4}.Debug|x86.ActiveCfg = Debug|Win32
		{E56507CE-CED0-45EA-9E9A-8CB39E286AD4}.Debug|x86.Build.0 = Debug|Win32
		{E56507CE-CED0-45EA-9E9A-8CB39E286AD4}.Release|Any CPU.ActiveCfg = Release|Win32
		{E56507CE-CED0-45EA-9E9A-8CB39E286AD4}.Release|ARM.ActiveCfg = Release|Win32
		{E56507CE-CED0-45EA-9E9A-8CB39E286AD4}.Release|ARM64.ActiveCfg = Release|Win32
		{E56507CE-CED0-45EA-9E9A-8CB39E286AD4}.Release|x64.ActiveCfg = Release|x64
		{E56507CE-CED0-45EA-9E9A-8CB39E286AD4}.Release|x64.Build.0 = Release|x64
		{E56507CE-CED0-45EA-9E9A-8CB39E286AD4}.Release|x86.ActiveCfg = Release|Win32
		{E56507CE-CED0-45EA-9E9A-8CB39E286AD4}.Release|x86.Build.0 = Release|Win32
		{47EEE501-D138-4B73-B307-87E1A38C2A34}.Debug|Any CPU.ActiveCfg = Debug|Win32
		{47EEE501-D138-4B73-B307-87E1A38C2A34}.Debug|ARM.ActiveCfg = Debug|Win32
		{47EEE501-D138-4B73-B307-87E1A38C2A34}.Debug|ARM64.ActiveCfg = Debug|Win32
		{47EEE501-D138-4B73-B307-87E1A38C2A34}.Debug|x64.ActiveCfg = Debug|x64
		{47EEE501-D138-4B73-B307-87E1A38C2A34}.Debug|x64.Build.0 = Debug|x64
		{47EEE501-D138-4B73-B307-87E1A38C2A34}.Debug|x86.ActiveCfg = Debug|Win32
		{47EEE501-D138-4B73-B307-87E1A38C2A34}.Debug|x86.Build.0 = Debug|Win32
		{47EEE501-D138-4B73-B307-87E1A38C2A34}.Release|Any CPU.ActiveCfg = Release|Win32
		{47EEE501-D138-4B73-B307-87E1A38C2A34}.Release|ARM.ActiveCfg = Release|Win32
		{47EEE501-D138-4B73-B307-87E1A38C2A34}.Release|ARM64.ActiveCfg = Release|Win32
		{47EEE501-D138-4B73-B307-87E1A38C2A34}.Release|x64.ActiveCfg = Release|x64
		{47EEE501-D138-4B73-B307-87E1A38C2A34}.Release|x64.Build.0 = Release|x64
		{47EEE501-D138-4B73-B307-87E1A38C2A34}.Release|x86.ActiveCfg = Release|Win32
		{47EEE501-D138-4B73-B307-87E1A38C2A34}.Release|x86.Build.0 = Release|Win32
		{CBC3E2DF-5276-4BCF-A3E7-022A32271A47}.Debug|Any CPU.ActiveCfg = Debug|Win32
		{CBC3E2DF-5276-4BCF-A3E7-022A32271A47}.Debug|ARM.ActiveCfg = Debug|Win32
		{CBC3E2DF-5276-4BCF-A3E7-022A32271A47}.Debug|ARM64.ActiveCfg = Debug|Win32
		{CBC3E2DF-5276-4BCF-A3E7-022A32271A47}.Debug|x64.ActiveCfg = Debug|x64
		{CBC3E2DF-5276-4BCF-A3E7-022A32271A47}.Debug|x64.Build.0 = Debug|x64
		{CBC3E2DF-5276-4BCF-A3E7-022A32271A47}.Debug|x86.ActiveCfg = Debug|Win32
		{CBC3E2DF-5276-4BCF-A3E7-022A32271A47}.Debug|x86.Build.0 = Debug|Win32
		{CBC3E2DF-5276-4BCF-A3E7-022A32271A47}.Release|Any CPU.ActiveCfg = Release|Win32
		{CBC3E2DF-5276-4BCF-A3E7-022A32271A47}.Release|ARM.ActiveCfg = Release|Win32
		{CBC3E2DF-5276-4BCF-A3E7-022A32271A47}.Release|ARM64.ActiveCfg = Release|Win32
		{CBC3E2DF-5276-4BCF-A3E7-022A32271A47}.Release|x64.ActiveCfg = Release|x64
		{CBC3E2DF-5276-4BCF-A3E7-022A32271A47}.Release|x64.Build.0 = Release|x64
		{CBC3E2DF-5276-4BCF-A3E7-022A32271A47}.Release|x86.ActiveCfg = Release|Win32
		{CBC3E2DF-5276-4BCF-A3E7-022A32271A47}.Release|x86.Build.0 = Release|Win32
		{F1A4B4B9-3832-4F2F-813D-837DB9C81398}.Debug|Any CPU.ActiveCfg = Debug|Win32
		{F1A4B4B9-3832-4F2F-813D-837DB9C81398}.Debug|ARM.ActiveCfg = Debug|Win32
		{F1A4B4B9-3832-4F2F-813D-837DB9C81398}.Debug|ARM64.ActiveCfg = Debug|Win32
		{F1A4B4B9-3832-4F2F-813D-837DB9C81398}.Debug|x64.ActiveCfg = Debug|x64
		{F1A4B4B9-3832-4F2F-813D-837DB9C81398}.Debug|x64.Build.0 = Debug|x64
		{F1A4B4B9-3832-4F2F-813D-837DB9C81398}.Debug|x86.ActiveCfg = Debug|Win32
		{F1A4B4B9-3832-4F2F-813D-837DB9C81398}.Debug|x86.Build.0 = Debug|Win32
		{F1A4B4B9-3832-4F2F-813D-837DB9C81398}.Release|Any CPU.ActiveCfg = Release|Win32
		{F1A4B4B9-3832-4F2F-813D-837DB9C81398}.Release|ARM.ActiveCfg = Release|Win32
		{F1A4B4B9-3832-4F2F-813D-837DB9C81398}.Release|ARM64.ActiveCfg = Release|Win32
		{F1A4B4B9-3832-4F2F-813D-837DB9C81398}.Release|x64.ActiveCfg = Release|x64
		{F1A4B4B9-3832-4F2F-813D-837DB9C81398}.Release|x64.Build.0 = Release|x64
		{F1A4B4B9-3832-4F2F-813D-837DB9C81398}.Release|x86.ActiveCfg = Release|Win32
		{F1A4B4B9-3832-4F2F-813D-837DB9C81398}.Release|x86.Build.0 = Release|Win32
		{A15BB460-FEA7-446D-BB40-4A602219804A}.Debug|Any CPU.ActiveCfg = Debug|Win32
		{A15BB460-FEA7-446D-BB40-4A602219804A}.Debug|ARM.ActiveCfg = Debug|Win32
		{A15BB460-FEA7-446D-BB40-4A602219804A}.Debug|ARM64.ActiveCfg = Debug|Win32
		{A15BB460-FEA7-446D-BB40-4A602219804A}.Debug|x64.ActiveCfg = Debug|x64
		{A15BB460-FEA7-446D-BB40-4A602219804A}.Debug|x64.Build.0 = Debug|x64
		{A15BB460-FEA7-446D-BB40-4A602219804A}.Debug|x86.ActiveCfg = Debug|Win32
		{A15BB460-FEA7-446D-BB40-4A602219804A}.Debug|x86.Build.0 = Debug|Win32
		{A15BB460-FEA7-446D-BB40-4A602219804A}.Release|Any CPU.ActiveCfg = Release|Win32
		{A15BB460-FEA7-446D-BB40-4A602219804A}.Release|ARM.ActiveCfg = Release|Win32
		{A15BB460-FEA7-446D-BB40-4A602219804A}.Release|ARM64.ActiveCfg = Release|Win32
		{A15BB460-FEA7-446D-BB40-4A602219804A}.Release|x64.ActiveCfg = Release|x64
		{A15BB460-FEA7-446D-BB40-4A602219804A}.Release|x64.Build.0 = Release|x64
		{A15BB460-FEA7-446D-BB40-4A602219804A}.Release|x86.ActiveCfg = Release|Win32
		{A15BB460-FEA7-446D-BB40-4A602219804A}.Release|x86.Build.0 = Release|Win32
		{F9223685-B71C-461D-8CE1-7D81845D1F54}.Debug|Any CPU.ActiveCfg = Debug|Win32
		{F9223685-B71C-461D-8CE1-7D81845D1F54}.Debug|ARM.ActiveCfg = Debug|Win32
		{F9223685-B71C-461D-8CE1-7D81845D1F54}.Debug|ARM64.ActiveCfg = Debug|Win32
		{F9223685-B71C-461D-8CE1-7D81845D1F54}.Debug|x64.ActiveCfg = Debug|x64
		{F9223685-B71C-461D-8CE1-7D81845D1F54}.Debug|x64.Build.0 = Debug|x64
		{F9223685-B71C-461D-8CE1-7D81845D1F54}.Debug|x86.ActiveCfg = Debug|Win32
		{F9223685-B71C-461D-8CE1-7D81845D1F54}.Debug|x86.Build.0 = Debug|Win32
		{F9223685-B71C-461D-8CE1-7D81845D1F54}.Release|Any CPU.ActiveCfg = Release|Win32
		{F9223685-B71C-461D-8CE1-7D81845D1F54}.Release|ARM.ActiveCfg = Release|Win32
		{F9223685-B71C-461D-8CE1-7D81845D1F54}.Release|ARM64.ActiveCfg = Release|Win32
		{F9223685-B71C-461D-8CE1-7D81845D1F54}.Release|x64.ActiveCfg = Release|x64
		{F9223685-B71C-461D-8CE1-7D81845D1F54}.Release|x64.Build.0 = Release|x64
		{F9223685-B71C-461D-8CE1-7D81845D1F54}.Release|x86.ActiveCfg = Release|Win32
		{F9223685-B71C-461D-8CE1-7D81845D1F54}.Release|x86.Build.0 = Release|Win32
		{6448B063-FFCA-452F-A4BC-2CA54C7B24DA}.Debug|Any CPU.ActiveCfg = Debug|Win32
		{6448B063-FFCA-452F-A4BC-2CA54C7B24DA}.Debug|ARM.ActiveCfg = Debug|Win32
		{6448B063-FFCA-452F-A4BC-2CA54C7B24DA}.Debug|ARM64.ActiveCfg = Debug|Win32
		{6448B063-FFCA-452F-A4BC-2CA54C7B24DA}.Debug|x64.ActiveCfg = Debug|x64
		{6448B063-FFCA-452F-A4BC-2CA54C7B24DA}.Debug|x64.Build.0 = Debug|x64
		{6448B063-FFCA-452F-A4BC-2CA54C7B24DA}.Debug|x86.ActiveCfg = Debug|Win32
		{6448B063-FFCA-452F-A4BC-2CA54C7B24DA}.Debug|x86.Build.0 = Debug|Win32
		{6448B063-FFCA-452F-A4BC-2CA54C7B24DA}.Release|Any CPU.ActiveCfg = Release|Win32
		{6448B063-FFCA-452F-A4BC-2CA54C7B24DA}.Release|ARM.ActiveCfg = Release|Win32
		{6448B063-FFCA-452F-A4BC-2CA54C7B24DA}.Release|ARM64.ActiveCfg = Release|Win32
		{6448B063-FFCA-452F-A4BC-2CA54C7B24DA}.Release|x64.ActiveCfg = Release|x64
		{6448B063-FFCA-452F-A4BC-2CA54C7B24DA}.Release|x64.Build.0 = Release|x64
		{6448B063-FFCA-452F-A4BC-2CA54C7B24DA}.Release|x86.ActiveCfg = Release|Win32
		{6448B063-FFCA-452F-A4BC-2CA54C7B24DA}.Release|x86.Build.0 = Release|Win32
		{64AF7B59-D9D9-455A-BA12-A333DC0E3983}.Debug|Any CPU.ActiveCfg = Debug|Win32
		{64AF7B59-D9D9-455A-BA12-A333DC0E3983}.Debug|ARM.ActiveCfg = Debug|Win32
		{64AF7B59-D9D9-455A-BA12-A333DC0E3983}.Debug|ARM64.ActiveCfg = Debug|Win32
		{64AF7B59-D9D9-455A-BA12-A333DC0E3983}.Debug|x64.ActiveCfg = Debug|x64
		{64AF7B59-D9D9-455A-BA12-A333DC0E3983}.Debug|x64.Build.0 = Debug|x64
		{64AF7B59-D9D9-455A-BA12-A333DC0E3983}.Debug|x86.ActiveCfg = Debug|Win32
		{64AF7B59-D9D9-455A-BA12-A333DC0E3983}.Debug|x86.Build.0 = Debug|Win32
		{64AF7B59-D9D9-455A-BA12-A333DC0E3983}.Release|Any CPU.ActiveCfg = Release|Win32
		{64AF7B59-D9D9-455A-BA12-A333DC0E3983}.Release|ARM.ActiveCfg = Release|Win32
		{64AF7B59-D9D9-455A-BA12-A333DC0E3983}.Release|ARM64.ActiveCfg = Release|Win32
		{64AF7B59-D9D9-455A-BA12-A333DC0E3983}.Release|x64.ActiveCfg = Release|x64
		{64AF7B59-D9D9-455A-BA12-A333DC0E3983}.Release|x64.Build.0 = Release|x64
		{64AF7B59-D9D9-455A-BA12-A333DC0E3983}.Release|x86.ActiveCfg = Release|Win32
		{64AF7B59-D9D9-455A-BA12-A333DC0E3983}.Release|x86.Build.0 = Release|Win32
		{7C3ED98A-2DB9-4EBC-833D-87A5D2E14C86}.Debug|Any CPU.ActiveCfg = Debug|Win32
		{7C3ED98A-2DB9-4EBC-833D-87A5D2E14C86}.Debug|ARM.ActiveCfg = Debug|Win32
		{7C3ED98A-2DB9-4EBC-833D-87A5D2E14C86}.Debug|ARM64.ActiveCfg = Debug|Win32
		{7C3ED98A-2DB9-4EBC-833D-87A5D2E14C86}.Debug|x64.ActiveCfg = Debug|x64
		{7C3ED98A-2DB9-4EBC-833D-87A5D2E14C86}.Debug|x64.Build.0 = Debug|x64
		{7C3ED98A-2DB9-4EBC-833D-87A5D2E14C86}.Debug|x86.ActiveCfg = Debug|Win32
		{7C3ED98A-2DB9-4EBC-833D-87A5D2E14C86}.Debug|x86.Build.0 = Debug|Win32
		{7C3ED98A-2DB9-4EBC-833D-87A5D2E14C86}.Release|Any CPU.ActiveCfg = Release|Win32
		{7C3ED98A-2DB9-4EBC-833D-87A5D2E14C86}.Release|ARM.ActiveCfg = Release|Win32
		{7C3ED98A-2DB9-4EBC-833D-87A5D2E14C86}.Release|ARM64.ActiveCfg = Release|Win32
		{7C3ED98A-2DB9-4EBC-833D-87A5D2E14C86}.Release|x64.ActiveCfg = Release|x64
		{7C3ED98A-2DB9-4EBC-833D-87A5D2E14C86}.Release|x64.Build.0 = Release|x64
		{7C3ED98A-2DB9-4EBC-833D-87A5D2E14C86}.Release|x86.ActiveCfg = Release|Win32
		{7C3ED98A-2DB9-4EBC-833D-87A5D2E14C86}.Release|x86.Build.0 = Release|Win32
		{F429BB3D-7BFA-478A-87D1-1CC6EC2BD1C2}.Debug|Any CPU.ActiveCfg = Debug|Win32
		{F429BB3D-7BFA-478A-87D1-1CC6EC2BD1C2}.Debug|ARM.ActiveCfg = Debug|Win32
		{F429BB3D-7BFA-478A-87D1-1CC6EC2BD1C2}.Debug|ARM64.ActiveCfg = Debug|Win32
		{F429BB3D-7BFA-478A-87D1-1CC6EC2BD1C2}.Debug|x64.ActiveCfg = Debug|x64
		{F429BB3D-7BFA-478A-87D1-1CC6EC2BD1C2}.Debug|x64.Build.0 = Debug|x64
		{F429BB3D-7BFA-478A-87D1-1CC6EC2BD1C2}.Debug|x86.ActiveCfg = Debug|Win32
		{F429BB3D-7BFA-478A-87D1-1CC6EC2BD1C2}.Debug|x86.Build.0 = Debug|Win32
		{F429BB3D-7BFA-478A-87D1-1CC6EC2BD1C2}.Release|Any CPU.ActiveCfg = Release|Win32
		{F429BB3D-7BFA-478A-87D1-1CC6EC2BD1C2}.Release|ARM.ActiveCfg = Release|Win32
		{F429BB3D-7BFA-478A-87D1-1CC6EC2BD1C2}.Release|ARM64.ActiveCfg = Release|Win32
		{F429BB3D-7BFA-478A-87D1-1CC6EC2BD1C2}.Release|x64.ActiveCfg = Release|x64
		{F429BB3D-7BFA-478A-87D1-1CC6EC2BD1C2}.Release|x64.Build.0 = Release|x64
		{F429BB3D-7BFA-478A-87D1-1CC6EC2BD1C2}.Release|x86.ActiveCfg = Release|Win32
		{F429BB3D-7BFA-478A-87D1-1CC6EC2BD1C2}.Release|x86.Build.0 = Release|Win32
		{3FA20A06-C899-401A-9362-6D1B5182F9A4}.Debug|Any CPU.ActiveCfg = Debug|Win32
		{3FA20A06-C899-401A-9362-6D1B5182F9A4}.Debug|ARM.ActiveCfg = Debug|Win32
		{3FA20A06-C899-401A-9362-6D1B5182F9A4}.Debug|ARM64.ActiveCfg = Debug|Win32
		{3FA20A06-C899-401A-9362-6D1B5182F9A4}.Debug|x64.ActiveCfg = Debug|x64
		{3FA20A06-C899-401A-9362-6D1B5182F9A4}.Debug|x64.Build.0 = Debug|x64
		{3FA20A06-C899-401A-9362-6D1B5182F9A4}.Debug|x86.ActiveCfg = Debug|Win32
		{3FA20A06-C899-401A-9362-6D1B5182F9A4}.Debug|x86.Build.0 = Debug|Win32
		{3FA20A06-C899-401A-9362-6D1B5182F9A4}.Release|Any CPU.ActiveCfg = Release|Win32
		{3FA20A06-C899-401A-9362-6D1B5182F9A4}.Release|ARM.ActiveCfg = Release|Win32
		{3FA20A06-C899-401A-9362-6D1B5182F9A4}.Release|ARM64.ActiveCfg = Release|Win32
		{3FA20A06-C899-401A-9362-6D1B5182F9A4}.Release|x64.ActiveCfg = Release|x64
		{3FA20A06-C899-401A-9362-6D1B5182F9A4}.Release|x64.Build.0 = Release|x64
		{3FA20A06-C899-401A-9362-6D1B5182F9A4}.Release|x86.ActiveCfg = Release|Win32
		{3FA20A06-C899-401A-9362-6D1B5182F9A4}.Release|x86.Build.0 = Release|Win32
		{FEBB611A-7895-4126-AA9A-49E753AF1DD7}.Debug|Any CPU.ActiveCfg = Debug|Win32
		{FEBB611A-7895-4126-AA9A-49E753AF1DD7}.Debug|ARM.ActiveCfg = Debug|Win32
		{FEBB611A-7895-4126-AA9A-49E753AF1DD7}.Debug|ARM64.ActiveCfg = Debug|Win32
		{FEBB611A-7895-4126-AA9A-49E753AF1DD7}.Debug|x64.ActiveCfg = Debug|x64
		{FEBB611A-7895-4126-AA9A-49E753AF1DD7}.Debug|x64.Build.0 = Debug|x64
		{FEBB611A-7895-4126-AA9A-49E753AF1DD7}.Debug|x86.ActiveCfg = Debug|Win32
		{FEBB611A-7895-4126-AA9A-49E753AF1DD7}.Debug|x86.Build.0 = Debug|Win32
		{FEBB611A-7895-4126-AA9A-49E753AF1DD7}.Release|Any CPU.ActiveCfg = Release|Win32
		{FEBB611A-7895-4126-AA9A-49E753AF1DD7}.Release|ARM.ActiveCfg = Release|Win32
		{FEBB611A-7895-4126-AA9A-49E753AF1DD7}.Release|ARM64.ActiveCfg = Release|Win32
		{FEBB611A-7895-4126-AA9A-49E753AF1DD7}.Release|x64.ActiveCfg = Release|x64
		{FEBB611A-7895-4126-AA9A-49E753AF1DD7}.Release|x64.Build.0 = Release|x64
		{FEBB611A-7895-4126-AA9A-49E753AF1DD7}.Release|x86.ActiveCfg = Release|Win32
		{FEBB611A-7895-4126-AA9A-49E753AF1DD7}.Release|x86.Build.0 = Release|Win32
		{FE028BDF-1C84-4B45-98A4-A7F89A9CAC7D}.Debug|Any CPU.ActiveCfg = Debug|Win32
		{FE028BDF-1C84-4B45-98A4-A7F89A9CAC7D}.Debug|ARM.ActiveCfg = Debug|Win32
		{FE028BDF-1C84-4B45-98A4-A7F89A9CAC7D}.Debug|ARM64.ActiveCfg = Debug|Win32
		{FE028BDF-1C84-4B45-98A4-A7F89A9CAC7D}.Debug|x64.ActiveCfg = Debug|x64
		{FE028BDF-1C84-4B45-98A4-A7F89A9CAC7D}.Debug|x64.Build.0 = Debug|x64
		{FE028BDF-1C84-4B45-98A4-A7F89A9CAC7D}.Debug|x86.ActiveCfg = Debug|Win32
		{FE028BDF-1C84-4B45-98A4-A7F89A9CAC7D}.Debug|x86.Build.0 = Debug|Win32
		{FE028BDF-1C84-4B45-98A4-A7F89A9CAC7D}.Release|Any CPU.ActiveCfg = Release|Win32
		{FE028BDF-1C84-4B45-98A4-A7F89A9CAC7D}.Release|ARM.ActiveCfg = Release|Win32
		{FE028BDF-1C84-4B45-98A4-A7F89A9CAC7D}.Release|ARM64.ActiveCfg = Release|Win32
		{FE028BDF-1C84-4B45-98A4-A7F89A9CAC7D}.Release|x64.ActiveCfg = Release|x64
		{FE028BDF-1C84-4B45-98A4-A7F89A9CAC7D}.Release|x64.Build.0 = Release|x64
		{FE028BDF-1C84-4B45-98A4-A7F89A9CAC7D}.Release|x86.ActiveCfg = Release|Win32
		{FE028BDF-1C84-4B45-98A4-A7F89A9CAC7D}.Release|x86.Build.0 = Release|Win32
	EndGlobalSection
	GlobalSection(SolutionProperties) = preSolution
		HideSolutionNode = FALSE
	EndGlobalSection
	GlobalSection(ExtensibilityGlobals) = postSolution
		SolutionGuid = {D58150D3-4A03-4704-8A7E-1C5B5CA26513}
	EndGlobalSection
EndGlobal
